// !$*UTF8*$!
{
	archiveVersion = 1;
	classes = {
	};
	objectVersion = 46;
	objects = {

/* Begin PBXBuildFile section */
		5D4D618116149A7D00B684C9 /* EXDetailViewController.m in Sources */ = {isa = PBXBuildFile; fileRef = 5D4D618016149A7D00B684C9 /* EXDetailViewController.m */; };
		5DA92C1215E7112900DD8D59 /* UIKit.framework in Frameworks */ = {isa = PBXBuildFile; fileRef = 5DA92C1115E7112900DD8D59 /* UIKit.framework */; };
		5DA92C1415E7112900DD8D59 /* Foundation.framework in Frameworks */ = {isa = PBXBuildFile; fileRef = 5DA92C1315E7112900DD8D59 /* Foundation.framework */; };
		5DA92C1615E7112900DD8D59 /* CoreGraphics.framework in Frameworks */ = {isa = PBXBuildFile; fileRef = 5DA92C1515E7112900DD8D59 /* CoreGraphics.framework */; };
		5DA92C1C15E7112900DD8D59 /* InfoPlist.strings in Resources */ = {isa = PBXBuildFile; fileRef = 5DA92C1A15E7112900DD8D59 /* InfoPlist.strings */; };
		5DA92C1E15E7112900DD8D59 /* main.m in Sources */ = {isa = PBXBuildFile; fileRef = 5DA92C1D15E7112900DD8D59 /* main.m */; };
		5DA92C2215E7112900DD8D59 /* EXAppDelegate.m in Sources */ = {isa = PBXBuildFile; fileRef = 5DA92C2115E7112900DD8D59 /* EXAppDelegate.m */; };
		5DA92C2515E7112900DD8D59 /* MainStoryboard.storyboard in Resources */ = {isa = PBXBuildFile; fileRef = 5DA92C2315E7112900DD8D59 /* MainStoryboard.storyboard */; };
		5DA92C2815E7112900DD8D59 /* EXViewController.m in Sources */ = {isa = PBXBuildFile; fileRef = 5DA92C2715E7112900DD8D59 /* EXViewController.m */; };
		5DA92C3015E7162E00DD8D59 /* EXTable.m in Sources */ = {isa = PBXBuildFile; fileRef = 5DA92C2F15E7162E00DD8D59 /* EXTable.m */; };
/* End PBXBuildFile section */

/* Begin PBXFileReference section */
		5D4D617F16149A7D00B684C9 /* EXDetailViewController.h */ = {isa = PBXFileReference; fileEncoding = 4; lastKnownFileType = sourcecode.c.h; path = EXDetailViewController.h; sourceTree = "<group>"; };
		5D4D618016149A7D00B684C9 /* EXDetailViewController.m */ = {isa = PBXFileReference; fileEncoding = 4; lastKnownFileType = sourcecode.c.objc; path = EXDetailViewController.m; sourceTree = "<group>"; };
		5DA92C0D15E7112900DD8D59 /* NavigationExample.app */ = {isa = PBXFileReference; explicitFileType = wrapper.application; includeInIndex = 0; path = NavigationExample.app; sourceTree = BUILT_PRODUCTS_DIR; };
		5DA92C1115E7112900DD8D59 /* UIKit.framework */ = {isa = PBXFileReference; lastKnownFileType = wrapper.framework; name = UIKit.framework; path = System/Library/Frameworks/UIKit.framework; sourceTree = SDKROOT; };
		5DA92C1315E7112900DD8D59 /* Foundation.framework */ = {isa = PBXFileReference; lastKnownFileType = wrapper.framework; name = Foundation.framework; path = System/Library/Frameworks/Foundation.framework; sourceTree = SDKROOT; };
		5DA92C1515E7112900DD8D59 /* CoreGraphics.framework */ = {isa = PBXFileReference; lastKnownFileType = wrapper.framework; name = CoreGraphics.framework; path = System/Library/Frameworks/CoreGraphics.framework; sourceTree = SDKROOT; };
		5DA92C1915E7112900DD8D59 /* NavigationExample-Info.plist */ = {isa = PBXFileReference; lastKnownFileType = text.plist.xml; path = "NavigationExample-Info.plist"; sourceTree = "<group>"; };
		5DA92C1B15E7112900DD8D59 /* en */ = {isa = PBXFileReference; lastKnownFileType = text.plist.strings; name = en; path = en.lproj/InfoPlist.strings; sourceTree = "<group>"; };
		5DA92C1D15E7112900DD8D59 /* main.m */ = {isa = PBXFileReference; lastKnownFileType = sourcecode.c.objc; path = main.m; sourceTree = "<group>"; };
		5DA92C1F15E7112900DD8D59 /* NavigationExample-Prefix.pch */ = {isa = PBXFileReference; lastKnownFileType = sourcecode.c.h; path = "NavigationExample-Prefix.pch"; sourceTree = "<group>"; };
		5DA92C2015E7112900DD8D59 /* EXAppDelegate.h */ = {isa = PBXFileReference; lastKnownFileType = sourcecode.c.h; path = EXAppDelegate.h; sourceTree = "<group>"; };
		5DA92C2115E7112900DD8D59 /* EXAppDelegate.m */ = {isa = PBXFileReference; lastKnownFileType = sourcecode.c.objc; path = EXAppDelegate.m; sourceTree = "<group>"; };
		5DA92C2415E7112900DD8D59 /* en */ = {isa = PBXFileReference; lastKnownFileType = file.storyboard; name = en; path = en.lproj/MainStoryboard.storyboard; sourceTree = "<group>"; };
		5DA92C2615E7112900DD8D59 /* EXViewController.h */ = {isa = PBXFileReference; lastKnownFileType = sourcecode.c.h; path = EXViewController.h; sourceTree = "<group>"; };
		5DA92C2715E7112900DD8D59 /* EXViewController.m */ = {isa = PBXFileReference; lastKnownFileType = sourcecode.c.objc; path = EXViewController.m; sourceTree = "<group>"; };
		5DA92C2E15E7162E00DD8D59 /* EXTable.h */ = {isa = PBXFileReference; fileEncoding = 4; lastKnownFileType = sourcecode.c.h; path = EXTable.h; sourceTree = "<group>"; };
		5DA92C2F15E7162E00DD8D59 /* EXTable.m */ = {isa = PBXFileReference; fileEncoding = 4; lastKnownFileType = sourcecode.c.objc; path = EXTable.m; sourceTree = "<group>"; };
/* End PBXFileReference section */

/* Begin PBXFrameworksBuildPhase section */
		5DA92C0A15E7112900DD8D59 /* Frameworks */ = {
			isa = PBXFrameworksBuildPhase;
			buildActionMask = 2147483647;
			files = (
				5DA92C1215E7112900DD8D59 /* UIKit.framework in Frameworks */,
				5DA92C1415E7112900DD8D59 /* Foundation.framework in Frameworks */,
				5DA92C1615E7112900DD8D59 /* CoreGraphics.framework in Frameworks */,
			);
			runOnlyForDeploymentPostprocessing = 0;
		};
/* End PBXFrameworksBuildPhase section */

/* Begin PBXGroup section */
		5DA92C0215E7112900DD8D59 = {
			isa = PBXGroup;
			children = (
				5DA92C1715E7112900DD8D59 /* NavigationExample */,
				5DA92C1015E7112900DD8D59 /* Frameworks */,
				5DA92C0E15E7112900DD8D59 /* Products */,
			);
			sourceTree = "<group>";
		};
		5DA92C0E15E7112900DD8D59 /* Products */ = {
			isa = PBXGroup;
			children = (
				5DA92C0D15E7112900DD8D59 /* NavigationExample.app */,
			);
			name = Products;
			sourceTree = "<group>";
		};
		5DA92C1015E7112900DD8D59 /* Frameworks */ = {
			isa = PBXGroup;
			children = (
				5DA92C1115E7112900DD8D59 /* UIKit.framework */,
				5DA92C1315E7112900DD8D59 /* Foundation.framework */,
				5DA92C1515E7112900DD8D59 /* CoreGraphics.framework */,
			);
			name = Frameworks;
			sourceTree = "<group>";
		};
		5DA92C1715E7112900DD8D59 /* NavigationExample */ = {
			isa = PBXGroup;
			children = (
				5DA92C2015E7112900DD8D59 /* EXAppDelegate.h */,
				5DA92C2115E7112900DD8D59 /* EXAppDelegate.m */,
				5DA92C2315E7112900DD8D59 /* MainStoryboard.storyboard */,
				5DA92C2615E7112900DD8D59 /* EXViewController.h */,
				5DA92C2715E7112900DD8D59 /* EXViewController.m */,
				5DA92C1815E7112900DD8D59 /* Supporting Files */,
				5DA92C2E15E7162E00DD8D59 /* EXTable.h */,
				5DA92C2F15E7162E00DD8D59 /* EXTable.m */,
				5D4D617F16149A7D00B684C9 /* EXDetailViewController.h */,
				5D4D618016149A7D00B684C9 /* EXDetailViewController.m */,
			);
			path = NavigationExample;
			sourceTree = "<group>";
		};
		5DA92C1815E7112900DD8D59 /* Supporting Files */ = {
			isa = PBXGroup;
			children = (
				5DA92C1915E7112900DD8D59 /* NavigationExample-Info.plist */,
				5DA92C1A15E7112900DD8D59 /* InfoPlist.strings */,
				5DA92C1D15E7112900DD8D59 /* main.m */,
				5DA92C1F15E7112900DD8D59 /* NavigationExample-Prefix.pch */,
			);
			name = "Supporting Files";
			sourceTree = "<group>";
		};
/* End PBXGroup section */

/* Begin PBXNativeTarget section */
		5DA92C0C15E7112900DD8D59 /* NavigationExample */ = {
			isa = PBXNativeTarget;
			buildConfigurationList = 5DA92C2B15E7112900DD8D59 /* Build configuration list for PBXNativeTarget "NavigationExample" */;
			buildPhases = (
				5DA92C0915E7112900DD8D59 /* Sources */,
				5DA92C0A15E7112900DD8D59 /* Frameworks */,
				5DA92C0B15E7112900DD8D59 /* Resources */,
			);
			buildRules = (
			);
			dependencies = (
			);
			name = NavigationExample;
			productName = NavigationExample;
			productReference = 5DA92C0D15E7112900DD8D59 /* NavigationExample.app */;
			productType = "com.apple.product-type.application";
		};
/* End PBXNativeTarget section */

/* Begin PBXProject section */
		5DA92C0415E7112900DD8D59 /* Project object */ = {
			isa = PBXProject;
			attributes = {
				CLASSPREFIX = EX;
				LastUpgradeCheck = 0440;
				ORGANIZATIONNAME = Wehostle;
			};
			buildConfigurationList = 5DA92C0715E7112900DD8D59 /* Build configuration list for PBXProject "NavigationExample" */;
			compatibilityVersion = "Xcode 3.2";
			developmentRegion = English;
			hasScannedForEncodings = 0;
			knownRegions = (
				en,
			);
			mainGroup = 5DA92C0215E7112900DD8D59;
			productRefGroup = 5DA92C0E15E7112900DD8D59 /* Products */;
			projectDirPath = "";
			projectRoot = "";
			targets = (
				5DA92C0C15E7112900DD8D59 /* NavigationExample */,
			);
		};
/* End PBXProject section */

/* Begin PBXResourcesBuildPhase section */
		5DA92C0B15E7112900DD8D59 /* Resources */ = {
			isa = PBXResourcesBuildPhase;
			buildActionMask = 2147483647;
			files = (
				5DA92C1C15E7112900DD8D59 /* InfoPlist.strings in Resources */,
				5DA92C2515E7112900DD8D59 /* MainStoryboard.storyboard in Resources */,
			);
			runOnlyForDeploymentPostprocessing = 0;
		};
/* End PBXResourcesBuildPhase section */

/* Begin PBXSourcesBuildPhase section */
		5DA92C0915E7112900DD8D59 /* Sources */ = {
			isa = PBXSourcesBuildPhase;
			buildActionMask = 2147483647;
			files = (
				5DA92C1E15E7112900DD8D59 /* main.m in Sources */,
				5DA92C2215E7112900DD8D59 /* EXAppDelegate.m in Sources */,
				5DA92C2815E7112900DD8D59 /* EXViewController.m in Sources */,
				5DA92C3015E7162E00DD8D59 /* EXTable.m in Sources */,
				5D4D618116149A7D00B684C9 /* EXDetailViewController.m in Sources */,
			);
			runOnlyForDeploymentPostprocessing = 0;
		};
/* End PBXSourcesBuildPhase section */

/* Begin PBXVariantGroup section */
		5DA92C1A15E7112900DD8D59 /* InfoPlist.strings */ = {
			isa = PBXVariantGroup;
			children = (
				5DA92C1B15E7112900DD8D59 /* en */,
			);
			name = InfoPlist.strings;
			sourceTree = "<group>";
		};
		5DA92C2315E7112900DD8D59 /* MainStoryboard.storyboard */ = {
			isa = PBXVariantGroup;
			children = (
				5DA92C2415E7112900DD8D59 /* en */,
			);
			name = MainStoryboard.storyboard;
			sourceTree = "<group>";
		};
/* End PBXVariantGroup section */

/* Begin XCBuildConfiguration section */
		5DA92C2915E7112900DD8D59 /* Debug */ = {
			isa = XCBuildConfiguration;
			buildSettings = {
				ALWAYS_SEARCH_USER_PATHS = NO;
				ARCHS = "$(ARCHS_STANDARD_32_BIT)";
				CLANG_CXX_LANGUAGE_STANDARD = "gnu++0x";
				CLANG_ENABLE_OBJC_ARC = YES;
				CLANG_WARN__DUPLICATE_METHOD_MATCH = YES;
				"CODE_SIGN_IDENTITY[sdk=iphoneos*]" = "iPhone Developer";
				COPY_PHASE_STRIP = NO;
				GCC_C_LANGUAGE_STANDARD = gnu99;
				GCC_DYNAMIC_NO_PIC = NO;
				GCC_OPTIMIZATION_LEVEL = 0;
				GCC_PREPROCESSOR_DEFINITIONS = (
					"DEBUG=1",
					"$(inherited)",
				);
				GCC_SYMBOLS_PRIVATE_EXTERN = NO;
				GCC_VERSION = com.apple.compilers.llvm.clang.1_0;
				GCC_WARN_ABOUT_RETURN_TYPE = YES;
				GCC_WARN_UNINITIALIZED_AUTOS = YES;
				GCC_WARN_UNUSED_VARIABLE = YES;
				IPHONEOS_DEPLOYMENT_TARGET = 5.1;
				SDKROOT = iphoneos;
			};
			name = Debug;
		};
		5DA92C2A15E7112900DD8D59 /* Release */ = {
			isa = XCBuildConfiguration;
			buildSettings = {
				ALWAYS_SEARCH_USER_PATHS = NO;
				ARCHS = "$(ARCHS_STANDARD_32_BIT)";
				CLANG_CXX_LANGUAGE_STANDARD = "gnu++0x";
				CLANG_ENABLE_OBJC_ARC = YES;
				CLANG_WARN__DUPLICATE_METHOD_MATCH = YES;
				"CODE_SIGN_IDENTITY[sdk=iphoneos*]" = "iPhone Developer";
				COPY_PHASE_STRIP = YES;
				GCC_C_LANGUAGE_STANDARD = gnu99;
				GCC_VERSION = com.apple.compilers.llvm.clang.1_0;
				GCC_WARN_ABOUT_RETURN_TYPE = YES;
				GCC_WARN_UNINITIALIZED_AUTOS = YES;
				GCC_WARN_UNUSED_VARIABLE = YES;
				IPHONEOS_DEPLOYMENT_TARGET = 5.1;
				OTHER_CFLAGS = "-DNS_BLOCK_ASSERTIONS=1";
				SDKROOT = iphoneos;
				VALIDATE_PRODUCT = YES;
			};
			name = Release;
		};
		5DA92C2C15E7112900DD8D59 /* Debug */ = {
			isa = XCBuildConfiguration;
			buildSettings = {
				GCC_PRECOMPILE_PREFIX_HEADER = YES;
				GCC_PREFIX_HEADER = "NavigationExample/NavigationExample-Prefix.pch";
				INFOPLIST_FILE = "NavigationExample/NavigationExample-Info.plist";
				PRODUCT_NAME = "$(TARGET_NAME)";
				WRAPPER_EXTENSION = app;
			};
			name = Debug;
		};
		5DA92C2D15E7112900DD8D59 /* Release */ = {
			isa = XCBuildConfiguration;
			buildSettings = {
				GCC_PRECOMPILE_PREFIX_HEADER = YES;
				GCC_PREFIX_HEADER = "NavigationExample/NavigationExample-Prefix.pch";
				INFOPLIST_FILE = "NavigationExample/NavigationExample-Info.plist";
				PRODUCT_NAME = "$(TARGET_NAME)";
				WRAPPER_EXTENSION = app;
			};
			name = Release;
		};
/* End XCBuildConfiguration section */

/* Begin XCConfigurationList section */
		5DA92C0715E7112900DD8D59 /* Build configuration list for PBXProject "NavigationExample" */ = {
			isa = XCConfigurationList;
			buildConfigurations = (
				5DA92C2915E7112900DD8D59 /* Debug */,
				5DA92C2A15E7112900DD8D59 /* Release */,
			);
			defaultConfigurationIsVisible = 0;
			defaultConfigurationName = Release;
		};
		5DA92C2B15E7112900DD8D59 /* Build configuration list for PBXNativeTarget "NavigationExample" */ = {
			isa = XCConfigurationList;
			buildConfigurations = (
				5DA92C2C15E7112900DD8D59 /* Debug */,
				5DA92C2D15E7112900DD8D59 /* Release */,
			);
			defaultConfigurationIsVisible = 0;
			defaultConfigurationName = Release;
		};
/* End XCConfigurationList section */
	};
	rootObject = 5DA92C0415E7112900DD8D59 /* Project object */;
}
